// !$*UTF8*$!
{
	archiveVersion = 1;
	classes = {
	};
	objectVersion = 54;
	objects = {

/* Begin PBXBuildFile section */
		024919F4EB138F253AAC534C /* FSPlayerApp.swift in Sources */ = {isa = PBXBuildFile; fileRef = 2DEEA626ABC25EB648847A1E /* FSPlayerApp.swift */; };
		2146338A3ADB354868FAAB90 /* ContentView.swift in Sources */ = {isa = PBXBuildFile; fileRef = A9BC74F99DB480764D9467EC /* ContentView.swift */; };
		6051B7A046A41074D87C2BBD /* FsPlayerUITests.swift in Sources */ = {isa = PBXBuildFile; fileRef = 0397E3B2F1B44E167CA23AC7 /* FsPlayerUITests.swift */; };
		848F26B592D6558512AFED52 /* Contents.json in Resources */ = {isa = PBXBuildFile; fileRef = B3A6718D5055E4F8825836C2 /* Contents.json */; };
		8D262B4DC56C828EE4DF2682 /* Pods_FSPlayerExampleUITests.framework in Frameworks */ = {isa = PBXBuildFile; fileRef = EF67D3126B151A7B21E5FF33 /* Pods_FSPlayerExampleUITests.framework */; };
		A8708AB706ADF1F0648B9641 /* Pods_FSPlayerExampleTests.framework in Frameworks */ = {isa = PBXBuildFile; fileRef = 10B68551BBE83B8666F23464 /* Pods_FSPlayerExampleTests.framework */; };
		B7C49C49AC179B8587F17A80 /* Assets.xcassets in Resources */ = {isa = PBXBuildFile; fileRef = 303E8BFA2DD98A3ABD335C24 /* Assets.xcassets */; };
		BECDF3FDDFEC247808BB00A4 /* FsPlayerTests.swift in Sources */ = {isa = PBXBuildFile; fileRef = 4C92D47818DD6E8639793690 /* FsPlayerTests.swift */; };
		C464CECE1AE87B806CC77FC7 /* Pods_FSPlayerExample.framework in Frameworks */ = {isa = PBXBuildFile; fileRef = 8D304BAFC70F636406CDECC0 /* Pods_FSPlayerExample.framework */; };
/* End PBXBuildFile section */

/* Begin PBXContainerItemProxy section */
		1A19A83AEED3276527C4EFD3 /* PBXContainerItemProxy */ = {
			isa = PBXContainerItemProxy;
			containerPortal = DC9A634FA6BDD9524729CD24 /* Project object */;
			proxyType = 1;
			remoteGlobalIDString = 8FA2DE1FCCCDD7AAA3EF1FB9;
			remoteInfo = FSPlayerExample;
		};
		2E5844BB40627799C9F1AE15 /* PBXContainerItemProxy */ = {
			isa = PBXContainerItemProxy;
			containerPortal = DC9A634FA6BDD9524729CD24 /* Project object */;
			proxyType = 1;
			remoteGlobalIDString = 8FA2DE1FCCCDD7AAA3EF1FB9;
			remoteInfo = FSPlayerExample;
		};
/* End PBXContainerItemProxy section */

/* Begin PBXFileReference section */
		0397E3B2F1B44E167CA23AC7 /* FsPlayerUITests.swift */ = {isa = PBXFileReference; lastKnownFileType = sourcecode.swift; path = FsPlayerUITests.swift; sourceTree = "<group>"; };
		047554E270154A4AE9F30B9D /* Pods-FSPlayerExampleUITests.debug.xcconfig */ = {isa = PBXFileReference; includeInIndex = 1; lastKnownFileType = text.xcconfig; name = "Pods-FSPlayerExampleUITests.debug.xcconfig"; path = "Target Support Files/Pods-FSPlayerExampleUITests/Pods-FSPlayerExampleUITests.debug.xcconfig"; sourceTree = "<group>"; };
		0C6F6C596C12EBFA568C9EC5 /* Pods-FSPlayerExampleTests.debug.xcconfig */ = {isa = PBXFileReference; includeInIndex = 1; lastKnownFileType = text.xcconfig; name = "Pods-FSPlayerExampleTests.debug.xcconfig"; path = "Target Support Files/Pods-FSPlayerExampleTests/Pods-FSPlayerExampleTests.debug.xcconfig"; sourceTree = "<group>"; };
		100C8D733DDD8B394F2E326B /* Info.plist */ = {isa = PBXFileReference; lastKnownFileType = text.plist; path = Info.plist; sourceTree = "<group>"; };
		10B68551BBE83B8666F23464 /* Pods_FSPlayerExampleTests.framework */ = {isa = PBXFileReference; explicitFileType = wrapper.framework; includeInIndex = 0; path = Pods_FSPlayerExampleTests.framework; sourceTree = BUILT_PRODUCTS_DIR; };
		12B2AD18ABA39095AB4E922C /* Pods-FSPlayerExampleTests.release.xcconfig */ = {isa = PBXFileReference; includeInIndex = 1; lastKnownFileType = text.xcconfig; name = "Pods-FSPlayerExampleTests.release.xcconfig"; path = "Target Support Files/Pods-FSPlayerExampleTests/Pods-FSPlayerExampleTests.release.xcconfig"; sourceTree = "<group>"; };
		2DEEA626ABC25EB648847A1E /* FSPlayerApp.swift */ = {isa = PBXFileReference; lastKnownFileType = sourcecode.swift; path = FSPlayerApp.swift; sourceTree = "<group>"; };
		303E8BFA2DD98A3ABD335C24 /* Assets.xcassets */ = {isa = PBXFileReference; lastKnownFileType = folder.assetcatalog; path = Assets.xcassets; sourceTree = "<group>"; };
		4C92D47818DD6E8639793690 /* FsPlayerTests.swift */ = {isa = PBXFileReference; lastKnownFileType = sourcecode.swift; path = FsPlayerTests.swift; sourceTree = "<group>"; };
		5030B65C55AF2074029BBC3B /* FSPlayerExampleTests.xctest */ = {isa = PBXFileReference; includeInIndex = 0; lastKnownFileType = wrapper.cfbundle; path = FSPlayerExampleTests.xctest; sourceTree = BUILT_PRODUCTS_DIR; };
		5ED5F5961D505FE448FFA6EC /* FSPlayerExample.app */ = {isa = PBXFileReference; includeInIndex = 0; lastKnownFileType = wrapper.application; path = FSPlayerExample.app; sourceTree = BUILT_PRODUCTS_DIR; };
		7DCBB0F23D18E45985E3721D /* Info.plist */ = {isa = PBXFileReference; lastKnownFileType = text.plist; path = Info.plist; sourceTree = "<group>"; };
		882E62E2EAECBEFEB4A3ADA2 /* Pods-FSPlayerExample.debug.xcconfig */ = {isa = PBXFileReference; includeInIndex = 1; lastKnownFileType = text.xcconfig; name = "Pods-FSPlayerExample.debug.xcconfig"; path = "Target Support Files/Pods-FSPlayerExample/Pods-FSPlayerExample.debug.xcconfig"; sourceTree = "<group>"; };
		8D304BAFC70F636406CDECC0 /* Pods_FSPlayerExample.framework */ = {isa = PBXFileReference; explicitFileType = wrapper.framework; includeInIndex = 0; path = Pods_FSPlayerExample.framework; sourceTree = BUILT_PRODUCTS_DIR; };
		A9BC74F99DB480764D9467EC /* ContentView.swift */ = {isa = PBXFileReference; lastKnownFileType = sourcecode.swift; path = ContentView.swift; sourceTree = "<group>"; };
		B3A6718D5055E4F8825836C2 /* Contents.json */ = {isa = PBXFileReference; lastKnownFileType = text.json; path = Contents.json; sourceTree = "<group>"; };
		D1270D4DD18B66DD8564508E /* Info.plist */ = {isa = PBXFileReference; lastKnownFileType = text.plist; path = Info.plist; sourceTree = "<group>"; };
		DED430C3649A13DA7FFD1027 /* Pods-FSPlayerExample.release.xcconfig */ = {isa = PBXFileReference; includeInIndex = 1; lastKnownFileType = text.xcconfig; name = "Pods-FSPlayerExample.release.xcconfig"; path = "Target Support Files/Pods-FSPlayerExample/Pods-FSPlayerExample.release.xcconfig"; sourceTree = "<group>"; };
		EF67D3126B151A7B21E5FF33 /* Pods_FSPlayerExampleUITests.framework */ = {isa = PBXFileReference; explicitFileType = wrapper.framework; includeInIndex = 0; path = Pods_FSPlayerExampleUITests.framework; sourceTree = BUILT_PRODUCTS_DIR; };
		F5271C91CB6A82C7D41BBDFE /* FSPlayerExampleUITests.xctest */ = {isa = PBXFileReference; includeInIndex = 0; lastKnownFileType = wrapper.cfbundle; path = FSPlayerExampleUITests.xctest; sourceTree = BUILT_PRODUCTS_DIR; };
		FB697B3EFC626C073B40D5FE /* Pods-FSPlayerExampleUITests.release.xcconfig */ = {isa = PBXFileReference; includeInIndex = 1; lastKnownFileType = text.xcconfig; name = "Pods-FSPlayerExampleUITests.release.xcconfig"; path = "Target Support Files/Pods-FSPlayerExampleUITests/Pods-FSPlayerExampleUITests.release.xcconfig"; sourceTree = "<group>"; };
/* End PBXFileReference section */

/* Begin PBXFrameworksBuildPhase section */
		300CF05A2C03980276945DA4 /* Frameworks */ = {
			isa = PBXFrameworksBuildPhase;
			buildActionMask = 2147483647;
			files = (
				8D262B4DC56C828EE4DF2682 /* Pods_FSPlayerExampleUITests.framework in Frameworks */,
			);
			runOnlyForDeploymentPostprocessing = 0;
		};
		BC683DDBD2972D81303F8947 /* Frameworks */ = {
			isa = PBXFrameworksBuildPhase;
			buildActionMask = 2147483647;
			files = (
				C464CECE1AE87B806CC77FC7 /* Pods_FSPlayerExample.framework in Frameworks */,
			);
			runOnlyForDeploymentPostprocessing = 0;
		};
		D6F13CAA0B577496C68762A8 /* Frameworks */ = {
			isa = PBXFrameworksBuildPhase;
			buildActionMask = 2147483647;
			files = (
				A8708AB706ADF1F0648B9641 /* Pods_FSPlayerExampleTests.framework in Frameworks */,
			);
			runOnlyForDeploymentPostprocessing = 0;
		};
/* End PBXFrameworksBuildPhase section */

/* Begin PBXGroup section */
		01C12D65FD6F89D0F84C7BFE = {
			isa = PBXGroup;
			children = (
				1584B1C3D8C4EA259F171E83 /* FSPlayerExample */,
				E8D1DCF1BBD66D5EE0E2F99F /* FSPlayerTests */,
				904522A6C004EA6E36939658 /* FSPlayerUITests */,
				C17A1970DD9BD09B9DFE23CA /* Products */,
				0F193CEC51D2028CEED9889E /* Pods */,
				35117D390A9C81E18A763F34 /* Frameworks */,
			);
			sourceTree = "<group>";
		};
		0F193CEC51D2028CEED9889E /* Pods */ = {
			isa = PBXGroup;
			children = (
				882E62E2EAECBEFEB4A3ADA2 /* Pods-FSPlayerExample.debug.xcconfig */,
				DED430C3649A13DA7FFD1027 /* Pods-FSPlayerExample.release.xcconfig */,
				0C6F6C596C12EBFA568C9EC5 /* Pods-FSPlayerExampleTests.debug.xcconfig */,
				12B2AD18ABA39095AB4E922C /* Pods-FSPlayerExampleTests.release.xcconfig */,
				047554E270154A4AE9F30B9D /* Pods-FSPlayerExampleUITests.debug.xcconfig */,
				FB697B3EFC626C073B40D5FE /* Pods-FSPlayerExampleUITests.release.xcconfig */,
			);
			name = Pods;
			path = Pods;
			sourceTree = "<group>";
		};
		1584B1C3D8C4EA259F171E83 /* FSPlayerExample */ = {
			isa = PBXGroup;
			children = (
				7E7A64C990DF237318138A00 /* Preview Content */,
				303E8BFA2DD98A3ABD335C24 /* Assets.xcassets */,
				A9BC74F99DB480764D9467EC /* ContentView.swift */,
				2DEEA626ABC25EB648847A1E /* FSPlayerApp.swift */,
				D1270D4DD18B66DD8564508E /* Info.plist */,
			);
			path = FSPlayerExample;
			sourceTree = "<group>";
		};
		35117D390A9C81E18A763F34 /* Frameworks */ = {
			isa = PBXGroup;
			children = (
				8D304BAFC70F636406CDECC0 /* Pods_FSPlayerExample.framework */,
				10B68551BBE83B8666F23464 /* Pods_FSPlayerExampleTests.framework */,
				EF67D3126B151A7B21E5FF33 /* Pods_FSPlayerExampleUITests.framework */,
			);
			name = Frameworks;
			sourceTree = "<group>";
		};
		7E7A64C990DF237318138A00 /* Preview Content */ = {
			isa = PBXGroup;
			children = (
				B3A6718D5055E4F8825836C2 /* Contents.json */,
			);
			path = "Preview Content";
			sourceTree = "<group>";
		};
		904522A6C004EA6E36939658 /* FSPlayerUITests */ = {
			isa = PBXGroup;
			children = (
				0397E3B2F1B44E167CA23AC7 /* FsPlayerUITests.swift */,
				100C8D733DDD8B394F2E326B /* Info.plist */,
			);
			name = FSPlayerUITests;
			path = ../Tests/FSPlayerUITests;
			sourceTree = "<group>";
		};
		C17A1970DD9BD09B9DFE23CA /* Products */ = {
			isa = PBXGroup;
			children = (
				5ED5F5961D505FE448FFA6EC /* FSPlayerExample.app */,
				5030B65C55AF2074029BBC3B /* FSPlayerExampleTests.xctest */,
				F5271C91CB6A82C7D41BBDFE /* FSPlayerExampleUITests.xctest */,
			);
			name = Products;
			sourceTree = "<group>";
		};
		E8D1DCF1BBD66D5EE0E2F99F /* FSPlayerTests */ = {
			isa = PBXGroup;
			children = (
				4C92D47818DD6E8639793690 /* FsPlayerTests.swift */,
				7DCBB0F23D18E45985E3721D /* Info.plist */,
			);
			name = FSPlayerTests;
			path = ../Tests/FSPlayerTests;
			sourceTree = "<group>";
		};
/* End PBXGroup section */

/* Begin PBXNativeTarget section */
		23716E697C06FEFD217A0B48 /* FSPlayerExampleTests */ = {
			isa = PBXNativeTarget;
			buildConfigurationList = 3E2B21FB7B5FD400E3DC6C44 /* Build configuration list for PBXNativeTarget "FSPlayerExampleTests" */;
			buildPhases = (
				23EFCA48FEFF877202F95DFB /* [CP] Check Pods Manifest.lock */,
				67666873DA754E05F23EDEAE /* Sources */,
				D6F13CAA0B577496C68762A8 /* Frameworks */,
				10A97237D419B647F83B6C20 /* [CP] Embed Pods Frameworks */,
			);
			buildRules = (
			);
			dependencies = (
				7457BFD7670BC4655186163E /* PBXTargetDependency */,
			);
			name = FSPlayerExampleTests;
			productName = FSPlayerExampleTests;
			productReference = 5030B65C55AF2074029BBC3B /* FSPlayerExampleTests.xctest */;
			productType = "com.apple.product-type.bundle.unit-test";
		};
		8FA2DE1FCCCDD7AAA3EF1FB9 /* FSPlayerExample */ = {
			isa = PBXNativeTarget;
			buildConfigurationList = 241641F25F94D405B5D9C62B /* Build configuration list for PBXNativeTarget "FSPlayerExample" */;
			buildPhases = (
				C1FB79F89B4B24102C6A81A6 /* [CP] Check Pods Manifest.lock */,
				49B1A96E119CF8DE6A31AC68 /* Sources */,
				61AB0516C75351CBEC44D038 /* Resources */,
				BC683DDBD2972D81303F8947 /* Frameworks */,
				637B41817D55A7453BEAD994 /* [CP] Embed Pods Frameworks */,
			);
			buildRules = (
			);
			dependencies = (
			);
			name = FSPlayerExample;
			productName = FSPlayerExample;
			productReference = 5ED5F5961D505FE448FFA6EC /* FSPlayerExample.app */;
			productType = "com.apple.product-type.application";
		};
		EA9056576DC66D9CB1BC499B /* FSPlayerExampleUITests */ = {
			isa = PBXNativeTarget;
			buildConfigurationList = 29E598DE16462940B9FD4050 /* Build configuration list for PBXNativeTarget "FSPlayerExampleUITests" */;
			buildPhases = (
				EF2FB5BF0E26C088B227E221 /* [CP] Check Pods Manifest.lock */,
				F94F5206B93387F4C3859B75 /* Sources */,
				300CF05A2C03980276945DA4 /* Frameworks */,
			);
			buildRules = (
			);
			dependencies = (
				AD4A8F77C0CFDA8E22E943A9 /* PBXTargetDependency */,
			);
			name = FSPlayerExampleUITests;
			productName = FSPlayerExampleUITests;
			productReference = F5271C91CB6A82C7D41BBDFE /* FSPlayerExampleUITests.xctest */;
			productType = "com.apple.product-type.bundle.ui-testing";
		};
/* End PBXNativeTarget section */

/* Begin PBXProject section */
		DC9A634FA6BDD9524729CD24 /* Project object */ = {
			isa = PBXProject;
			attributes = {
				BuildIndependentTargetsInParallel = YES;
				LastUpgradeCheck = 1430;
				TargetAttributes = {
					8FA2DE1FCCCDD7AAA3EF1FB9 = {
						DevelopmentTeam = 9K2X3Z7V4A;
					};
					EA9056576DC66D9CB1BC499B = {
						TestTargetID = 8FA2DE1FCCCDD7AAA3EF1FB9;
					};
				};
			};
			buildConfigurationList = D66E0683186B0D984BC7F908 /* Build configuration list for PBXProject "FSPlayerExample" */;
			compatibilityVersion = "Xcode 14.0";
			developmentRegion = en;
			hasScannedForEncodings = 0;
			knownRegions = (
				Base,
				en,
			);
			mainGroup = 01C12D65FD6F89D0F84C7BFE;
			productRefGroup = C17A1970DD9BD09B9DFE23CA /* Products */;
			projectDirPath = "";
			projectRoot = "";
			targets = (
				8FA2DE1FCCCDD7AAA3EF1FB9 /* FSPlayerExample */,
				23716E697C06FEFD217A0B48 /* FSPlayerExampleTests */,
				EA9056576DC66D9CB1BC499B /* FSPlayerExampleUITests */,
			);
		};
/* End PBXProject section */

/* Begin PBXResourcesBuildPhase section */
		61AB0516C75351CBEC44D038 /* Resources */ = {
			isa = PBXResourcesBuildPhase;
			buildActionMask = 2147483647;
			files = (
				B7C49C49AC179B8587F17A80 /* Assets.xcassets in Resources */,
				848F26B592D6558512AFED52 /* Contents.json in Resources */,
			);
			runOnlyForDeploymentPostprocessing = 0;
		};
/* End PBXResourcesBuildPhase section */

/* Begin PBXShellScriptBuildPhase section */
		10A97237D419B647F83B6C20 /* [CP] Embed Pods Frameworks */ = {
			isa = PBXShellScriptBuildPhase;
			buildActionMask = 2147483647;
			files = (
			);
			inputFileListPaths = (
				"${PODS_ROOT}/Target Support Files/Pods-FSPlayerExampleTests/Pods-FSPlayerExampleTests-frameworks-${CONFIGURATION}-input-files.xcfilelist",
			);
			name = "[CP] Embed Pods Frameworks";
			outputFileListPaths = (
				"${PODS_ROOT}/Target Support Files/Pods-FSPlayerExampleTests/Pods-FSPlayerExampleTests-frameworks-${CONFIGURATION}-output-files.xcfilelist",
			);
			runOnlyForDeploymentPostprocessing = 0;
			shellPath = /bin/sh;
			shellScript = "\"${PODS_ROOT}/Target Support Files/Pods-FSPlayerExampleTests/Pods-FSPlayerExampleTests-frameworks.sh\"\n";
			showEnvVarsInLog = 0;
		};
		23EFCA48FEFF877202F95DFB /* [CP] Check Pods Manifest.lock */ = {
			isa = PBXShellScriptBuildPhase;
			buildActionMask = 2147483647;
			files = (
			);
			inputFileListPaths = (
			);
			inputPaths = (
				"${PODS_PODFILE_DIR_PATH}/Podfile.lock",
				"${PODS_ROOT}/Manifest.lock",
			);
			name = "[CP] Check Pods Manifest.lock";
			outputFileListPaths = (
			);
			outputPaths = (
				"$(DERIVED_FILE_DIR)/Pods-FSPlayerExampleTests-checkManifestLockResult.txt",
			);
			runOnlyForDeploymentPostprocessing = 0;
			shellPath = /bin/sh;
			shellScript = "diff \"${PODS_PODFILE_DIR_PATH}/Podfile.lock\" \"${PODS_ROOT}/Manifest.lock\" > /dev/null\nif [ $? != 0 ] ; then\n    # print error to STDERR\n    echo \"error: The sandbox is not in sync with the Podfile.lock. Run 'pod install' or update your CocoaPods installation.\" >&2\n    exit 1\nfi\n# This output is used by Xcode 'outputs' to avoid re-running this script phase.\necho \"SUCCESS\" > \"${SCRIPT_OUTPUT_FILE_0}\"\n";
			showEnvVarsInLog = 0;
		};
		637B41817D55A7453BEAD994 /* [CP] Embed Pods Frameworks */ = {
			isa = PBXShellScriptBuildPhase;
			buildActionMask = 2147483647;
			files = (
			);
			inputFileListPaths = (
				"${PODS_ROOT}/Target Support Files/Pods-FSPlayerExample/Pods-FSPlayerExample-frameworks-${CONFIGURATION}-input-files.xcfilelist",
			);
			name = "[CP] Embed Pods Frameworks";
			outputFileListPaths = (
				"${PODS_ROOT}/Target Support Files/Pods-FSPlayerExample/Pods-FSPlayerExample-frameworks-${CONFIGURATION}-output-files.xcfilelist",
			);
			runOnlyForDeploymentPostprocessing = 0;
			shellPath = /bin/sh;
			shellScript = "\"${PODS_ROOT}/Target Support Files/Pods-FSPlayerExample/Pods-FSPlayerExample-frameworks.sh\"\n";
			showEnvVarsInLog = 0;
		};
		C1FB79F89B4B24102C6A81A6 /* [CP] Check Pods Manifest.lock */ = {
			isa = PBXShellScriptBuildPhase;
			buildActionMask = 2147483647;
			files = (
			);
			inputFileListPaths = (
			);
			inputPaths = (
				"${PODS_PODFILE_DIR_PATH}/Podfile.lock",
				"${PODS_ROOT}/Manifest.lock",
			);
			name = "[CP] Check Pods Manifest.lock";
			outputFileListPaths = (
			);
			outputPaths = (
				"$(DERIVED_FILE_DIR)/Pods-FSPlayerExample-checkManifestLockResult.txt",
			);
			runOnlyForDeploymentPostprocessing = 0;
			shellPath = /bin/sh;
			shellScript = "diff \"${PODS_PODFILE_DIR_PATH}/Podfile.lock\" \"${PODS_ROOT}/Manifest.lock\" > /dev/null\nif [ $? != 0 ] ; then\n    # print error to STDERR\n    echo \"error: The sandbox is not in sync with the Podfile.lock. Run 'pod install' or update your CocoaPods installation.\" >&2\n    exit 1\nfi\n# This output is used by Xcode 'outputs' to avoid re-running this script phase.\necho \"SUCCESS\" > \"${SCRIPT_OUTPUT_FILE_0}\"\n";
			showEnvVarsInLog = 0;
		};
		EF2FB5BF0E26C088B227E221 /* [CP] Check Pods Manifest.lock */ = {
			isa = PBXShellScriptBuildPhase;
			buildActionMask = 2147483647;
			files = (
			);
			inputFileListPaths = (
			);
			inputPaths = (
				"${PODS_PODFILE_DIR_PATH}/Podfile.lock",
				"${PODS_ROOT}/Manifest.lock",
			);
			name = "[CP] Check Pods Manifest.lock";
			outputFileListPaths = (
			);
			outputPaths = (
				"$(DERIVED_FILE_DIR)/Pods-FSPlayerExampleUITests-checkManifestLockResult.txt",
			);
			runOnlyForDeploymentPostprocessing = 0;
			shellPath = /bin/sh;
			shellScript = "diff \"${PODS_PODFILE_DIR_PATH}/Podfile.lock\" \"${PODS_ROOT}/Manifest.lock\" > /dev/null\nif [ $? != 0 ] ; then\n    # print error to STDERR\n    echo \"error: The sandbox is not in sync with the Podfile.lock. Run 'pod install' or update your CocoaPods installation.\" >&2\n    exit 1\nfi\n# This output is used by Xcode 'outputs' to avoid re-running this script phase.\necho \"SUCCESS\" > \"${SCRIPT_OUTPUT_FILE_0}\"\n";
			showEnvVarsInLog = 0;
		};
/* End PBXShellScriptBuildPhase section */

/* Begin PBXSourcesBuildPhase section */
		49B1A96E119CF8DE6A31AC68 /* Sources */ = {
			isa = PBXSourcesBuildPhase;
			buildActionMask = 2147483647;
			files = (
				2146338A3ADB354868FAAB90 /* ContentView.swift in Sources */,
				024919F4EB138F253AAC534C /* FSPlayerApp.swift in Sources */,
			);
			runOnlyForDeploymentPostprocessing = 0;
		};
		67666873DA754E05F23EDEAE /* Sources */ = {
			isa = PBXSourcesBuildPhase;
			buildActionMask = 2147483647;
			files = (
				BECDF3FDDFEC247808BB00A4 /* FsPlayerTests.swift in Sources */,
			);
			runOnlyForDeploymentPostprocessing = 0;
		};
		F94F5206B93387F4C3859B75 /* Sources */ = {
			isa = PBXSourcesBuildPhase;
			buildActionMask = 2147483647;
			files = (
				6051B7A046A41074D87C2BBD /* FsPlayerUITests.swift in Sources */,
			);
			runOnlyForDeploymentPostprocessing = 0;
		};
/* End PBXSourcesBuildPhase section */

/* Begin PBXTargetDependency section */
		7457BFD7670BC4655186163E /* PBXTargetDependency */ = {
			isa = PBXTargetDependency;
			target = 8FA2DE1FCCCDD7AAA3EF1FB9 /* FSPlayerExample */;
			targetProxy = 2E5844BB40627799C9F1AE15 /* PBXContainerItemProxy */;
		};
		AD4A8F77C0CFDA8E22E943A9 /* PBXTargetDependency */ = {
			isa = PBXTargetDependency;
			target = 8FA2DE1FCCCDD7AAA3EF1FB9 /* FSPlayerExample */;
			targetProxy = 1A19A83AEED3276527C4EFD3 /* PBXContainerItemProxy */;
		};
/* End PBXTargetDependency section */

/* Begin XCBuildConfiguration section */
		1570534A395D124362513531 /* Release */ = {
			isa = XCBuildConfiguration;
			baseConfigurationReference = FB697B3EFC626C073B40D5FE /* Pods-FSPlayerExampleUITests.release.xcconfig */;
			buildSettings = {
				BUNDLE_LOADER = "$(TEST_HOST)";
				INFOPLIST_FILE = ../Tests/FSPlayerUITests/Info.plist;
				LD_RUNPATH_SEARCH_PATHS = (
					"$(inherited)",
					"@executable_path/Frameworks",
					"@loader_path/Frameworks",
				);
				SDKROOT = iphoneos;
				TARGETED_DEVICE_FAMILY = "1,2";
				TEST_TARGET_NAME = FSPlayerExample;
			};
			name = Release;
		};
		4CCA86E365B441D159F00CDB /* Debug */ = {
			isa = XCBuildConfiguration;
			baseConfigurationReference = 0C6F6C596C12EBFA568C9EC5 /* Pods-FSPlayerExampleTests.debug.xcconfig */;
			buildSettings = {
				BUNDLE_LOADER = "$(TEST_HOST)";
				INFOPLIST_FILE = ../Tests/FSPlayerTests/Info.plist;
				LD_RUNPATH_SEARCH_PATHS = (
					"$(inherited)",
					"@executable_path/Frameworks",
					"@loader_path/Frameworks",
				);
				SDKROOT = iphoneos;
				TARGETED_DEVICE_FAMILY = "1,2";
				TEST_HOST = "$(BUILT_PRODUCTS_DIR)/FSPlayerExample.app/FSPlayerExample";
			};
			name = Debug;
		};
		675B83A80B98C44A704C546E /* Debug */ = {
			isa = XCBuildConfiguration;
			buildSettings = {
				ALWAYS_SEARCH_USER_PATHS = NO;
				CLANG_ANALYZER_NONNULL = YES;
				CLANG_ANALYZER_NUMBER_OBJECT_CONVERSION = YES_AGGRESSIVE;
				CLANG_CXX_LANGUAGE_STANDARD = "gnu++14";
				CLANG_CXX_LIBRARY = "libc++";
				CLANG_ENABLE_MODULES = YES;
				CLANG_ENABLE_OBJC_ARC = YES;
				CLANG_ENABLE_OBJC_WEAK = YES;
				CLANG_WARN_BLOCK_CAPTURE_AUTORELEASING = YES;
				CLANG_WARN_BOOL_CONVERSION = YES;
				CLANG_WARN_COMMA = YES;
				CLANG_WARN_CONSTANT_CONVERSION = YES;
				CLANG_WARN_DEPRECATED_OBJC_IMPLEMENTATIONS = YES;
				CLANG_WARN_DIRECT_OBJC_ISA_USAGE = YES_ERROR;
				CLANG_WARN_DOCUMENTATION_COMMENTS = YES;
				CLANG_WARN_EMPTY_BODY = YES;
				CLANG_WARN_ENUM_CONVERSION = YES;
				CLANG_WARN_INFINITE_RECURSION = YES;
				CLANG_WARN_INT_CONVERSION = YES;
				CLANG_WARN_NON_LITERAL_NULL_CONVERSION = YES;
				CLANG_WARN_OBJC_IMPLICIT_RETAIN_SELF = YES;
				CLANG_WARN_OBJC_LITERAL_CONVERSION = YES;
				CLANG_WARN_OBJC_ROOT_CLASS = YES_ERROR;
				CLANG_WARN_QUOTED_INCLUDE_IN_FRAMEWORK_HEADER = YES;
				CLANG_WARN_RANGE_LOOP_ANALYSIS = YES;
				CLANG_WARN_STRICT_PROTOTYPES = YES;
				CLANG_WARN_SUSPICIOUS_MOVE = YES;
				CLANG_WARN_UNGUARDED_AVAILABILITY = YES_AGGRESSIVE;
				CLANG_WARN_UNREACHABLE_CODE = YES;
				CLANG_WARN__DUPLICATE_METHOD_MATCH = YES;
				COPY_PHASE_STRIP = NO;
				DEBUG_INFORMATION_FORMAT = dwarf;
				ENABLE_STRICT_OBJC_MSGSEND = YES;
				ENABLE_TESTABILITY = YES;
				GCC_C_LANGUAGE_STANDARD = gnu11;
				GCC_DYNAMIC_NO_PIC = NO;
				GCC_NO_COMMON_BLOCKS = YES;
				GCC_OPTIMIZATION_LEVEL = 0;
				GCC_PREPROCESSOR_DEFINITIONS = (
					"$(inherited)",
					"DEBUG=1",
				);
				GCC_WARN_64_TO_32_BIT_CONVERSION = YES;
				GCC_WARN_ABOUT_RETURN_TYPE = YES_ERROR;
				GCC_WARN_UNDECLARED_SELECTOR = YES;
				GCC_WARN_UNINITIALIZED_AUTOS = YES_AGGRESSIVE;
				GCC_WARN_UNUSED_FUNCTION = YES;
				GCC_WARN_UNUSED_VARIABLE = YES;
				IPHONEOS_DEPLOYMENT_TARGET = 16.2;
				MTL_ENABLE_DEBUG_INFO = INCLUDE_SOURCE;
				MTL_FAST_MATH = YES;
				ONLY_ACTIVE_ARCH = YES;
				PRODUCT_NAME = "$(TARGET_NAME)";
				SDKROOT = iphoneos;
				SWIFT_ACTIVE_COMPILATION_CONDITIONS = DEBUG;
				SWIFT_OPTIMIZATION_LEVEL = "-Onone";
				SWIFT_VERSION = 5.1;
			};
			name = Debug;
		};
		996DD7FEAFABB726E4084574 /* Release */ = {
			isa = XCBuildConfiguration;
			buildSettings = {
				ALWAYS_SEARCH_USER_PATHS = NO;
				CLANG_ANALYZER_NONNULL = YES;
				CLANG_ANALYZER_NUMBER_OBJECT_CONVERSION = YES_AGGRESSIVE;
				CLANG_CXX_LANGUAGE_STANDARD = "gnu++14";
				CLANG_CXX_LIBRARY = "libc++";
				CLANG_ENABLE_MODULES = YES;
				CLANG_ENABLE_OBJC_ARC = YES;
				CLANG_ENABLE_OBJC_WEAK = YES;
				CLANG_WARN_BLOCK_CAPTURE_AUTORELEASING = YES;
				CLANG_WARN_BOOL_CONVERSION = YES;
				CLANG_WARN_COMMA = YES;
				CLANG_WARN_CONSTANT_CONVERSION = YES;
				CLANG_WARN_DEPRECATED_OBJC_IMPLEMENTATIONS = YES;
				CLANG_WARN_DIRECT_OBJC_ISA_USAGE = YES_ERROR;
				CLANG_WARN_DOCUMENTATION_COMMENTS = YES;
				CLANG_WARN_EMPTY_BODY = YES;
				CLANG_WARN_ENUM_CONVERSION = YES;
				CLANG_WARN_INFINITE_RECURSION = YES;
				CLANG_WARN_INT_CONVERSION = YES;
				CLANG_WARN_NON_LITERAL_NULL_CONVERSION = YES;
				CLANG_WARN_OBJC_IMPLICIT_RETAIN_SELF = YES;
				CLANG_WARN_OBJC_LITERAL_CONVERSION = YES;
				CLANG_WARN_OBJC_ROOT_CLASS = YES_ERROR;
				CLANG_WARN_QUOTED_INCLUDE_IN_FRAMEWORK_HEADER = YES;
				CLANG_WARN_RANGE_LOOP_ANALYSIS = YES;
				CLANG_WARN_STRICT_PROTOTYPES = YES;
				CLANG_WARN_SUSPICIOUS_MOVE = YES;
				CLANG_WARN_UNGUARDED_AVAILABILITY = YES_AGGRESSIVE;
				CLANG_WARN_UNREACHABLE_CODE = YES;
				CLANG_WARN__DUPLICATE_METHOD_MATCH = YES;
				COPY_PHASE_STRIP = NO;
				DEBUG_INFORMATION_FORMAT = "dwarf-with-dsym";
				ENABLE_NS_ASSERTIONS = NO;
				ENABLE_STRICT_OBJC_MSGSEND = YES;
				GCC_C_LANGUAGE_STANDARD = gnu11;
				GCC_NO_COMMON_BLOCKS = YES;
				GCC_WARN_64_TO_32_BIT_CONVERSION = YES;
				GCC_WARN_ABOUT_RETURN_TYPE = YES_ERROR;
				GCC_WARN_UNDECLARED_SELECTOR = YES;
				GCC_WARN_UNINITIALIZED_AUTOS = YES_AGGRESSIVE;
				GCC_WARN_UNUSED_FUNCTION = YES;
				GCC_WARN_UNUSED_VARIABLE = YES;
				IPHONEOS_DEPLOYMENT_TARGET = 16.2;
				MTL_ENABLE_DEBUG_INFO = NO;
				MTL_FAST_MATH = YES;
				PRODUCT_NAME = "$(TARGET_NAME)";
				SDKROOT = iphoneos;
				SWIFT_COMPILATION_MODE = wholemodule;
				SWIFT_OPTIMIZATION_LEVEL = "-O";
				SWIFT_VERSION = 5.1;
			};
			name = Release;
		};
		D465AD22570E3AD7F7E3675D /* Debug */ = {
			isa = XCBuildConfiguration;
			baseConfigurationReference = 047554E270154A4AE9F30B9D /* Pods-FSPlayerExampleUITests.debug.xcconfig */;
			buildSettings = {
				BUNDLE_LOADER = "$(TEST_HOST)";
				INFOPLIST_FILE = ../Tests/FSPlayerUITests/Info.plist;
				LD_RUNPATH_SEARCH_PATHS = (
					"$(inherited)",
					"@executable_path/Frameworks",
					"@loader_path/Frameworks",
				);
				SDKROOT = iphoneos;
				TARGETED_DEVICE_FAMILY = "1,2";
				TEST_TARGET_NAME = FSPlayerExample;
			};
			name = Debug;
		};
		D616939C2044892DFBA6F775 /* Release */ = {
			isa = XCBuildConfiguration;
			baseConfigurationReference = 12B2AD18ABA39095AB4E922C /* Pods-FSPlayerExampleTests.release.xcconfig */;
			buildSettings = {
				BUNDLE_LOADER = "$(TEST_HOST)";
				INFOPLIST_FILE = ../Tests/FSPlayerTests/Info.plist;
				LD_RUNPATH_SEARCH_PATHS = (
					"$(inherited)",
					"@executable_path/Frameworks",
					"@loader_path/Frameworks",
				);
				SDKROOT = iphoneos;
				TARGETED_DEVICE_FAMILY = "1,2";
				TEST_HOST = "$(BUILT_PRODUCTS_DIR)/FSPlayerExample.app/FSPlayerExample";
			};
			name = Release;
		};
		EFAAE2E3870182A5E11E28AD /* Debug */ = {
			isa = XCBuildConfiguration;
			baseConfigurationReference = 882E62E2EAECBEFEB4A3ADA2 /* Pods-FSPlayerExample.debug.xcconfig */;
			buildSettings = {
				ASSETCATALOG_COMPILER_APPICON_NAME = AppIcon;
				CODE_SIGN_IDENTITY = "iPhone Developer";
				DEVELOPMENT_TEAM = 9K2X3Z7V4A;
				INFOPLIST_FILE = FSPlayerExample/Info.plist;
				INFO_PLIST_FILE = FSPlayerExample/Info.plist;
				LD_RUNPATH_SEARCH_PATHS = (
					"$(inherited)",
					"@executable_path/Frameworks",
				);
				PRODUCT_BUNDLE_IDENTIFIER = com.fabianospdev.FSPlayerExample;
				PRODUCT_NAME = "${TARGET_NAME}";
				SDKROOT = iphoneos;
				TARGETED_DEVICE_FAMILY = 1;
			};
			name = Debug;
		};
		F2398CD56C08A9F84737BA0A /* Release */ = {
			isa = XCBuildConfiguration;
			baseConfigurationReference = DED430C3649A13DA7FFD1027 /* Pods-FSPlayerExample.release.xcconfig */;
			buildSettings = {
				ASSETCATALOG_COMPILER_APPICON_NAME = AppIcon;
				CODE_SIGN_IDENTITY = "iPhone Developer";
				DEVELOPMENT_TEAM = 9K2X3Z7V4A;
				INFOPLIST_FILE = FSPlayerExample/Info.plist;
				INFO_PLIST_FILE = FSPlayerExample/Info.plist;
				LD_RUNPATH_SEARCH_PATHS = (
					"$(inherited)",
					"@executable_path/Frameworks",
				);
				PRODUCT_BUNDLE_IDENTIFIER = com.fabianospdev.FSPlayerExample;
				PRODUCT_NAME = "${TARGET_NAME}";
				SDKROOT = iphoneos;
				TARGETED_DEVICE_FAMILY = 1;
			};
			name = Release;
		};
/* End XCBuildConfiguration section */

/* Begin XCConfigurationList section */
		241641F25F94D405B5D9C62B /* Build configuration list for PBXNativeTarget "FSPlayerExample" */ = {
			isa = XCConfigurationList;
			buildConfigurations = (
				EFAAE2E3870182A5E11E28AD /* Debug */,
				F2398CD56C08A9F84737BA0A /* Release */,
			);
			defaultConfigurationIsVisible = 0;
			defaultConfigurationName = Debug;
		};
		29E598DE16462940B9FD4050 /* Build configuration list for PBXNativeTarget "FSPlayerExampleUITests" */ = {
			isa = XCConfigurationList;
			buildConfigurations = (
				D465AD22570E3AD7F7E3675D /* Debug */,
				1570534A395D124362513531 /* Release */,
			);
			defaultConfigurationIsVisible = 0;
			defaultConfigurationName = Debug;
		};
		3E2B21FB7B5FD400E3DC6C44 /* Build configuration list for PBXNativeTarget "FSPlayerExampleTests" */ = {
			isa = XCConfigurationList;
			buildConfigurations = (
				4CCA86E365B441D159F00CDB /* Debug */,
				D616939C2044892DFBA6F775 /* Release */,
			);
			defaultConfigurationIsVisible = 0;
			defaultConfigurationName = Debug;
		};
		D66E0683186B0D984BC7F908 /* Build configuration list for PBXProject "FSPlayerExample" */ = {
			isa = XCConfigurationList;
			buildConfigurations = (
				675B83A80B98C44A704C546E /* Debug */,
				996DD7FEAFABB726E4084574 /* Release */,
			);
			defaultConfigurationIsVisible = 0;
			defaultConfigurationName = Debug;
		};
/* End XCConfigurationList section */
	};
	rootObject = DC9A634FA6BDD9524729CD24 /* Project object */;
}
