// !$*UTF8*$!
{
	archiveVersion = 1;
	classes = {
	};
	objectVersion = 56;
	objects = {

/* Begin PBXBuildFile section */
		9CBCC9AB2FC63A1000D4D9A2 /* FsPlayerApp.swift in Sources */ = {isa = PBXBuildFile; fileRef = 9CBCC9AA2FC63A1000D4D9A2 /* FsPlayerApp.swift */; };
		9CBCC9AD2FC63A1000D4D9A2 /* ContentView.swift in Sources */ = {isa = PBXBuildFile; fileRef = 9CBCC9AC2FC63A1000D4D9A2 /* ContentView.swift */; };
		9CBCC9AF2FC63A1200D4D9A2 /* Assets.xcassets in Resources */ = {isa = PBXBuildFile; fileRef = 9CBCC9AE2FC63A1200D4D9A2 /* Assets.xcassets */; };
		9CBCC9B22FC63A1200D4D9A2 /* Preview Assets.xcassets in Resources */ = {isa = PBXBuildFile; fileRef = 9CBCC9B12FC63A1200D4D9A2 /* Preview Assets.xcassets */; };
		9CBCC9BC2FC63A1200D4D9A2 /* FsPlayerTests.swift in Sources */ = {isa = PBXBuildFile; fileRef = 9CBCC9BB2FC63A1200D4D9A2 /* FsPlayerTests.swift */; };
		9CBCC9C62FC63A1200D4D9A2 /* FsPlayerUITests.swift in Sources */ = {isa = PBXBuildFile; fileRef = 9CBCC9C52FC63A1200D4D9A2 /* FsPlayerUITests.swift */; };
		9CBCC9C82FC63A1200D4D9A2 /* FsPlayerUITestsLaunchTests.swift in Sources */ = {isa = PBXBuildFile; fileRef = 9CBCC9C72FC63A1200D4D9A2 /* FsPlayerUITestsLaunchTests.swift */; };
/* End PBXBuildFile section */

/* Begin PBXContainerItemProxy section */
		9CBCC9B82FC63A1200D4D9A2 /* PBXContainerItemProxy */ = {
			isa = PBXContainerItemProxy;
			containerPortal = 9CBCC99F2FC63A1000D4D9A2 /* Project object */;
			proxyType = 1;
			remoteGlobalIDString = 9CBCC9A62FC63A1000D4D9A2;
			remoteInfo = FsPlayer;
		};
		9CBCC9C22FC63A1200D4D9A2 /* PBXContainerItemProxy */ = {
			isa = PBXContainerItemProxy;
			containerPortal = 9CBCC99F2FC63A1000D4D9A2 /* Project object */;
			proxyType = 1;
			remoteGlobalIDString = 9CBCC9A62FC63A1000D4D9A2;
			remoteInfo = FsPlayer;
		};
/* End PBXContainerItemProxy section */

/* Begin PBXFileReference section */
		9CBCC9A72FC63A1000D4D9A2 /* FsPlayer.app */ = {isa = PBXFileReference; explicitFileType = wrapper.application; includeInIndex = 0; path = FsPlayer.app; sourceTree = BUILT_PRODUCTS_DIR; };
		9CBCC9AA2FC63A1000D4D9A2 /* FsPlayerApp.swift */ = {isa = PBXFileReference; lastKnownFileType = sourcecode.swift; path = FsPlayerApp.swift; sourceTree = "<group>"; };
		9CBCC9AC2FC63A1000D4D9A2 /* ContentView.swift */ = {isa = PBXFileReference; lastKnownFileType = sourcecode.swift; path = ContentView.swift; sourceTree = "<group>"; };
		9CBCC9AE2FC63A1200D4D9A2 /* Assets.xcassets */ = {isa = PBXFileReference; lastKnownFileType = folder.assetcatalog; path = Assets.xcassets; sourceTree = "<group>"; };
		9CBCC9B12FC63A1200D4D9A2 /* Preview Assets.xcassets */ = {isa = PBXFileReference; lastKnownFileType = folder.assetcatalog; path = "Preview Assets.xcassets"; sourceTree = "<group>"; };
		9CBCC9B72FC63A1200D4D9A2 /* FsPlayerTests.xctest */ = {isa = PBXFileReference; explicitFileType = wrapper.cfbundle; includeInIndex = 0; path = FsPlayerTests.xctest; sourceTree = BUILT_PRODUCTS_DIR; };
		9CBCC9BB2FC63A1200D4D9A2 /* FsPlayerTests.swift */ = {isa = PBXFileReference; lastKnownFileType = sourcecode.swift; path = FsPlayerTests.swift; sourceTree = "<group>"; };
		9CBCC9C12FC63A1200D4D9A2 /* FsPlayerUITests.xctest */ = {isa = PBXFileReference; explicitFileType = wrapper.cfbundle; includeInIndex = 0; path = FsPlayerUITests.xctest; sourceTree = BUILT_PRODUCTS_DIR; };
		9CBCC9C52FC63A1200D4D9A2 /* FsPlayerUITests.swift */ = {isa = PBXFileReference; lastKnownFileType = sourcecode.swift; path = FsPlayerUITests.swift; sourceTree = "<group>"; };
		9CBCC9C72FC63A1200D4D9A2 /* FsPlayerUITestsLaunchTests.swift */ = {isa = PBXFileReference; lastKnownFileType = sourcecode.swift; path = FsPlayerUITestsLaunchTests.swift; sourceTree = "<group>"; };
/* End PBXFileReference section */

/* Begin PBXFrameworksBuildPhase section */
		9CBCC9A42FC63A1000D4D9A2 /* Frameworks */ = {
			isa = PBXFrameworksBuildPhase;
			buildActionMask = 2147483647;
			files = (
			);
			runOnlyForDeploymentPostprocessing = 0;
		};
		9CBCC9B42FC63A1200D4D9A2 /* Frameworks */ = {
			isa = PBXFrameworksBuildPhase;
			buildActionMask = 2147483647;
			files = (
			);
			runOnlyForDeploymentPostprocessing = 0;
		};
		9CBCC9BE2FC63A1200D4D9A2 /* Frameworks */ = {
			isa = PBXFrameworksBuildPhase;
			buildActionMask = 2147483647;
			files = (
			);
			runOnlyForDeploymentPostprocessing = 0;
		};
/* End PBXFrameworksBuildPhase section */

/* Begin PBXGroup section */
		9CBCC99E2FC63A1000D4D9A2 = {
			isa = PBXGroup;
			children = (
				9CBCC9A92FC63A1000D4D9A2 /* FsPlayer */,
				9CBCC9BA2FC63A1200D4D9A2 /* FsPlayerTests */,
				9CBCC9C42FC63A1200D4D9A2 /* FsPlayerUITests */,
				9CBCC9A82FC63A1000D4D9A2 /* Products */,
			);
			sourceTree = "<group>";
		};
		9CBCC9A82FC63A1000D4D9A2 /* Products */ = {
			isa = PBXGroup;
			children = (
				9CBCC9A72FC63A1000D4D9A2 /* FsPlayer.app */,
				9CBCC9B72FC63A1200D4D9A2 /* FsPlayerTests.xctest */,
				9CBCC9C12FC63A1200D4D9A2 /* FsPlayerUITests.xctest */,
			);
			name = Products;
			sourceTree = "<group>";
		};
		9CBCC9A92FC63A1000D4D9A2 /* FsPlayer */ = {
			isa = PBXGroup;
			children = (
				9CBCC9AA2FC63A1000D4D9A2 /* FsPlayerApp.swift */,
				9CBCC9AC2FC63A1000D4D9A2 /* ContentView.swift */,
				9CBCC9AE2FC63A1200D4D9A2 /* Assets.xcassets */,
				9CBCC9B02FC63A1200D4D9A2 /* Preview Content */,
			);
			path = FsPlayer;
			sourceTree = "<group>";
		};
		9CBCC9B02FC63A1200D4D9A2 /* Preview Content */ = {
			isa = PBXGroup;
			children = (
				9CBCC9B12FC63A1200D4D9A2 /* Preview Assets.xcassets */,
			);
			path = "Preview Content";
			sourceTree = "<group>";
		};
		9CBCC9BA2FC63A1200D4D9A2 /* FsPlayerTests */ = {
			isa = PBXGroup;
			children = (
				9CBCC9BB2FC63A1200D4D9A2 /* FsPlayerTests.swift */,
			);
			path = FsPlayerTests;
			sourceTree = "<group>";
		};
		9CBCC9C42FC63A1200D4D9A2 /* FsPlayerUITests */ = {
			isa = PBXGroup;
			children = (
				9CBCC9C52FC63A1200D4D9A2 /* FsPlayerUITests.swift */,
				9CBCC9C72FC63A1200D4D9A2 /* FsPlayerUITestsLaunchTests.swift */,
			);
			path = FsPlayerUITests;
			sourceTree = "<group>";
		};
/* End PBXGroup section */

/* Begin PBXNativeTarget section */
		9CBCC9A62FC63A1000D4D9A2 /* FsPlayer */ = {
			isa = PBXNativeTarget;
			buildConfigurationList = 9CBCC9CB2FC63A1200D4D9A2 /* Build configuration list for PBXNativeTarget "FsPlayer" */;
			buildPhases = (
				9CBCC9A32FC63A1000D4D9A2 /* Sources */,
				9CBCC9A42FC63A1000D4D9A2 /* Frameworks */,
				9CBCC9A52FC63A1000D4D9A2 /* Resources */,
			);
			buildRules = (
			);
			dependencies = (
			);
			name = FsPlayer;
			productName = FsPlayer;
			productReference = 9CBCC9A72FC63A1000D4D9A2 /* FsPlayer.app */;
			productType = "com.apple.product-type.application";
		};
		9CBCC9B62FC63A1200D4D9A2 /* FsPlayerTests */ = {
			isa = PBXNativeTarget;
			buildConfigurationList = 9CBCC9CE2FC63A1200D4D9A2 /* Build configuration list for PBXNativeTarget "FsPlayerTests" */;
			buildPhases = (
				9CBCC9B32FC63A1200D4D9A2 /* Sources */,
				9CBCC9B42FC63A1200D4D9A2 /* Frameworks */,
				9CBCC9B52FC63A1200D4D9A2 /* Resources */,
			);
			buildRules = (
			);
			dependencies = (
				9CBCC9B92FC63A1200D4D9A2 /* PBXTargetDependency */,
			);
			name = FsPlayerTests;
			productName = FsPlayerTests;
			productReference = 9CBCC9B72FC63A1200D4D9A2 /* FsPlayerTests.xctest */;
			productType = "com.apple.product-type.bundle.unit-test";
		};
		9CBCC9C02FC63A1200D4D9A2 /* FsPlayerUITests */ = {
			isa = PBXNativeTarget;
			buildConfigurationList = 9CBCC9D12FC63A1200D4D9A2 /* Build configuration list for PBXNativeTarget "FsPlayerUITests" */;
			buildPhases = (
				9CBCC9BD2FC63A1200D4D9A2 /* Sources */,
				9CBCC9BE2FC63A1200D4D9A2 /* Frameworks */,
				9CBCC9BF2FC63A1200D4D9A2 /* Resources */,
			);
			buildRules = (
			);
			dependencies = (
				9CBCC9C32FC63A1200D4D9A2 /* PBXTargetDependency */,
			);
			name = FsPlayerUITests;
			productName = FsPlayerUITests;
			productReference = 9CBCC9C12FC63A1200D4D9A2 /* FsPlayerUITests.xctest */;
			productType = "com.apple.product-type.bundle.ui-testing";
		};
/* End PBXNativeTarget section */

/* Begin PBXProject section */
		9CBCC99F2FC63A1000D4D9A2 /* Project object */ = {
			isa = PBXProject;
			attributes = {
				BuildIndependentTargetsInParallel = 1;
				LastSwiftUpdateCheck = 1420;
				LastUpgradeCheck = 1420;
				TargetAttributes = {
					9CBCC9A62FC63A1000D4D9A2 = {
						CreatedOnToolsVersion = 14.2;
					};
					9CBCC9B62FC63A1200D4D9A2 = {
						CreatedOnToolsVersion = 14.2;
						TestTargetID = 9CBCC9A62FC63A1000D4D9A2;
					};
					9CBCC9C02FC63A1200D4D9A2 = {
						CreatedOnToolsVersion = 14.2;
						TestTargetID = 9CBCC9A62FC63A1000D4D9A2;
					};
				};
			};
			buildConfigurationList = 9CBCC9A22FC63A1000D4D9A2 /* Build configuration list for PBXProject "FsPlayer" */;
			compatibilityVersion = "Xcode 14.0";
			developmentRegion = en;
			hasScannedForEncodings = 0;
			knownRegions = (
				en,
				Base,
			);
			mainGroup = 9CBCC99E2FC63A1000D4D9A2;
			productRefGroup = 9CBCC9A82FC63A1000D4D9A2 /* Products */;
			projectDirPath = "";
			projectRoot = "";
			targets = (
				9CBCC9A62FC63A1000D4D9A2 /* FsPlayer */,
				9CBCC9B62FC63A1200D4D9A2 /* FsPlayerTests */,
				9CBCC9C02FC63A1200D4D9A2 /* FsPlayerUITests */,
			);
		};
/* End PBXProject section */

/* Begin PBXResourcesBuildPhase section */
		9CBCC9A52FC63A1000D4D9A2 /* Resources */ = {
			isa = PBXResourcesBuildPhase;
			buildActionMask = 2147483647;
			files = (
				9CBCC9B22FC63A1200D4D9A2 /* Preview Assets.xcassets in Resources */,
				9CBCC9AF2FC63A1200D4D9A2 /* Assets.xcassets in Resources */,
			);
			runOnlyForDeploymentPostprocessing = 0;
		};
		9CBCC9B52FC63A1200D4D9A2 /* Resources */ = {
			isa = PBXResourcesBuildPhase;
			buildActionMask = 2147483647;
			files = (
			);
			runOnlyForDeploymentPostprocessing = 0;
		};
		9CBCC9BF2FC63A1200D4D9A2 /* Resources */ = {
			isa = PBXResourcesBuildPhase;
			buildActionMask = 2147483647;
			files = (
			);
			runOnlyForDeploymentPostprocessing = 0;
		};
/* End PBXResourcesBuildPhase section */

/* Begin PBXSourcesBuildPhase section */
		9CBCC9A32FC63A1000D4D9A2 /* Sources */ = {
			isa = PBXSourcesBuildPhase;
			buildActionMask = 2147483647;
			files = (
				9CBCC9AD2FC63A1000D4D9A2 /* ContentView.swift in Sources */,
				9CBCC9AB2FC63A1000D4D9A2 /* FsPlayerApp.swift in Sources */,
			);
			runOnlyForDeploymentPostprocessing = 0;
		};
		9CBCC9B32FC63A1200D4D9A2 /* Sources */ = {
			isa = PBXSourcesBuildPhase;
			buildActionMask = 2147483647;
			files = (
				9CBCC9BC2FC63A1200D4D9A2 /* FsPlayerTests.swift in Sources */,
			);
			runOnlyForDeploymentPostprocessing = 0;
		};
		9CBCC9BD2FC63A1200D4D9A2 /* Sources */ = {
			isa = PBXSourcesBuildPhase;
			buildActionMask = 2147483647;
			files = (
				9CBCC9C82FC63A1200D4D9A2 /* FsPlayerUITestsLaunchTests.swift in Sources */,
				9CBCC9C62FC63A1200D4D9A2 /* FsPlayerUITests.swift in Sources */,
			);
			runOnlyForDeploymentPostprocessing = 0;
		};
/* End PBXSourcesBuildPhase section */

/* Begin PBXTargetDependency section */
		9CBCC9B92FC63A1200D4D9A2 /* PBXTargetDependency */ = {
			isa = PBXTargetDependency;
			target = 9CBCC9A62FC63A1000D4D9A2 /* FsPlayer */;
			targetProxy = 9CBCC9B82FC63A1200D4D9A2 /* PBXContainerItemProxy */;
		};
		9CBCC9C32FC63A1200D4D9A2 /* PBXTargetDependency */ = {
			isa = PBXTargetDependency;
			target = 9CBCC9A62FC63A1000D4D9A2 /* FsPlayer */;
			targetProxy = 9CBCC9C22FC63A1200D4D9A2 /* PBXContainerItemProxy */;
		};
/* End PBXTargetDependency section */

/* Begin XCBuildConfiguration section */
		9CBCC9C92FC63A1200D4D9A2 /* Debug */ = {
			isa = XCBuildConfiguration;
			buildSettings = {
				ALWAYS_SEARCH_USER_PATHS = NO;
				CLANG_ANALYZER_NONNULL = YES;
				CLANG_ANALYZER_NUMBER_OBJECT_CONVERSION = YES_AGGRESSIVE;
				CLANG_CXX_LANGUAGE_STANDARD = "gnu++20";
				CLANG_ENABLE_MODULES = YES;
				CLANG_ENABLE_OBJC_ARC = YES;
				CLANG_ENABLE_OBJC_WEAK = YES;
				CLANG_WARN_BLOCK_CAPTURE_AUTORELEASING = YES;
				CLANG_WARN_BOOL_CONVERSION = YES;
				CLANG_WARN_COMMA = YES;
				CLANG_WARN_CONSTANT_CONVERSION = YES;
				CLANG_WARN_DEPRECATED_OBJC_IMPLEMENTATIONS = YES;
				CLANG_WARN_DIRECT_OBJC_ISA_USAGE = YES_ERROR;
				CLANG_WARN_DOCUMENTATION_COMMENTS = YES;
				CLANG_WARN_EMPTY_BODY = YES;
				CLANG_WARN_ENUM_CONVERSION = YES;
				CLANG_WARN_INFINITE_RECURSION = YES;
				CLANG_WARN_INT_CONVERSION = YES;
				CLANG_WARN_NON_LITERAL_NULL_CONVERSION = YES;
				CLANG_WARN_OBJC_IMPLICIT_RETAIN_SELF = YES;
				CLANG_WARN_OBJC_LITERAL_CONVERSION = YES;
				CLANG_WARN_OBJC_ROOT_CLASS = YES_ERROR;
				CLANG_WARN_QUOTED_INCLUDE_IN_FRAMEWORK_HEADER = YES;
				CLANG_WARN_RANGE_LOOP_ANALYSIS = YES;
				CLANG_WARN_STRICT_PROTOTYPES = YES;
				CLANG_WARN_SUSPICIOUS_MOVE = YES;
				CLANG_WARN_UNGUARDED_AVAILABILITY = YES_AGGRESSIVE;
				CLANG_WARN_UNREACHABLE_CODE = YES;
				CLANG_WARN__DUPLICATE_METHOD_MATCH = YES;
				COPY_PHASE_STRIP = NO;
				DEBUG_INFORMATION_FORMAT = dwarf;
				ENABLE_STRICT_OBJC_MSGSEND = YES;
				ENABLE_TESTABILITY = YES;
				GCC_C_LANGUAGE_STANDARD = gnu11;
				GCC_DYNAMIC_NO_PIC = NO;
				GCC_NO_COMMON_BLOCKS = YES;
				GCC_OPTIMIZATION_LEVEL = 0;
				GCC_PREPROCESSOR_DEFINITIONS = (
					"DEBUG=1",
					"$(inherited)",
				);
				GCC_WARN_64_TO_32_BIT_CONVERSION = YES;
				GCC_WARN_ABOUT_RETURN_TYPE = YES_ERROR;
				GCC_WARN_UNDECLARED_SELECTOR = YES;
				GCC_WARN_UNINITIALIZED_AUTOS = YES_AGGRESSIVE;
				GCC_WARN_UNUSED_FUNCTION = YES;
				GCC_WARN_UNUSED_VARIABLE = YES;
				IPHONEOS_DEPLOYMENT_TARGET = 16.2;
				MTL_ENABLE_DEBUG_INFO = INCLUDE_SOURCE;
				MTL_FAST_MATH = YES;
				ONLY_ACTIVE_ARCH = YES;
				SDKROOT = iphoneos;
				SWIFT_ACTIVE_COMPILATION_CONDITIONS = DEBUG;
				SWIFT_OPTIMIZATION_LEVEL = "-Onone";
			};
			name = Debug;
		};
		9CBCC9CA2FC63A1200D4D9A2 /* Release */ = {
			isa = XCBuildConfiguration;
			buildSettings = {
				ALWAYS_SEARCH_USER_PATHS = NO;
				CLANG_ANALYZER_NONNULL = YES;
				CLANG_ANALYZER_NUMBER_OBJECT_CONVERSION = YES_AGGRESSIVE;
				CLANG_CXX_LANGUAGE_STANDARD = "gnu++20";
				CLANG_ENABLE_MODULES = YES;
				CLANG_ENABLE_OBJC_ARC = YES;
				CLANG_ENABLE_OBJC_WEAK = YES;
				CLANG_WARN_BLOCK_CAPTURE_AUTORELEASING = YES;
				CLANG_WARN_BOOL_CONVERSION = YES;
				CLANG_WARN_COMMA = YES;
				CLANG_WARN_CONSTANT_CONVERSION = YES;
				CLANG_WARN_DEPRECATED_OBJC_IMPLEMENTATIONS = YES;
				CLANG_WARN_DIRECT_OBJC_ISA_USAGE = YES_ERROR;
				CLANG_WARN_DOCUMENTATION_COMMENTS = YES;
				CLANG_WARN_EMPTY_BODY = YES;
				CLANG_WARN_ENUM_CONVERSION = YES;
				CLANG_WARN_INFINITE_RECURSION = YES;
				CLANG_WARN_INT_CONVERSION = YES;
				CLANG_WARN_NON_LITERAL_NULL_CONVERSION = YES;
				CLANG_WARN_OBJC_IMPLICIT_RETAIN_SELF = YES;
				CLANG_WARN_OBJC_LITERAL_CONVERSION = YES;
				CLANG_WARN_OBJC_ROOT_CLASS = YES_ERROR;
				CLANG_WARN_QUOTED_INCLUDE_IN_FRAMEWORK_HEADER = YES;
				CLANG_WARN_RANGE_LOOP_ANALYSIS = YES;
				CLANG_WARN_STRICT_PROTOTYPES = YES;
				CLANG_WARN_SUSPICIOUS_MOVE = YES;
				CLANG_WARN_UNGUARDED_AVAILABILITY = YES_AGGRESSIVE;
				CLANG_WARN_UNREACHABLE_CODE = YES;
				CLANG_WARN__DUPLICATE_METHOD_MATCH = YES;
				COPY_PHASE_STRIP = NO;
				DEBUG_INFORMATION_FORMAT = "dwarf-with-dsym";
				ENABLE_NS_ASSERTIONS = NO;
				ENABLE_STRICT_OBJC_MSGSEND = YES;
				GCC_C_LANGUAGE_STANDARD = gnu11;
				GCC_NO_COMMON_BLOCKS = YES;
				GCC_WARN_64_TO_32_BIT_CONVERSION = YES;
				GCC_WARN_ABOUT_RETURN_TYPE = YES_ERROR;
				GCC_WARN_UNDECLARED_SELECTOR = YES;
				GCC_WARN_UNINITIALIZED_AUTOS = YES_AGGRESSIVE;
				GCC_WARN_UNUSED_FUNCTION = YES;
				GCC_WARN_UNUSED_VARIABLE = YES;
				IPHONEOS_DEPLOYMENT_TARGET = 16.2;
				MTL_ENABLE_DEBUG_INFO = NO;
				MTL_FAST_MATH = YES;
				SDKROOT = iphoneos;
				SWIFT_COMPILATION_MODE = wholemodule;
				SWIFT_OPTIMIZATION_LEVEL = "-O";
				VALIDATE_PRODUCT = YES;
			};
			name = Release;
		};
		9CBCC9CC2FC63A1200D4D9A2 /* Debug */ = {
			isa = XCBuildConfiguration;
			buildSettings = {
				ASSETCATALOG_COMPILER_APPICON_NAME = AppIcon;
				ASSETCATALOG_COMPILER_GLOBAL_ACCENT_COLOR_NAME = AccentColor;
				CODE_SIGN_STYLE = Automatic;
				CURRENT_PROJECT_VERSION = 1;
				DEVELOPMENT_ASSET_PATHS = "\"FsPlayer/Preview Content\"";
				DEVELOPMENT_TEAM = Q2SY8U2T77;
				ENABLE_PREVIEWS = YES;
				GENERATE_INFOPLIST_FILE = YES;
				INFOPLIST_KEY_UIApplicationSceneManifest_Generation = YES;
				INFOPLIST_KEY_UIApplicationSupportsIndirectInputEvents = YES;
				INFOPLIST_KEY_UILaunchScreen_Generation = YES;
				INFOPLIST_KEY_UISupportedInterfaceOrientations_iPad = "UIInterfaceOrientationPortrait UIInterfaceOrientationPortraitUpsideDown UIInterfaceOrientationLandscapeLeft UIInterfaceOrientationLandscapeRight";
				INFOPLIST_KEY_UISupportedInterfaceOrientations_iPhone = "UIInterfaceOrientationPortrait UIInterfaceOrientationLandscapeLeft UIInterfaceOrientationLandscapeRight";
				LD_RUNPATH_SEARCH_PATHS = (
					"$(inherited)",
					"@executable_path/Frameworks",
				);
				MARKETING_VERSION = 1.0;
				PRODUCT_BUNDLE_IDENTIFIER = fabianospdev.FsPlayer;
				PRODUCT_NAME = "$(TARGET_NAME)";
				SWIFT_EMIT_LOC_STRINGS = YES;
				SWIFT_VERSION = 5.0;
				TARGETED_DEVICE_FAMILY = "1,2";
			};
			name = Debug;
		};
		9CBCC9CD2FC63A1200D4D9A2 /* Release */ = {
			isa = XCBuildConfiguration;
			buildSettings = {
				ASSETCATALOG_COMPILER_APPICON_NAME = AppIcon;
				ASSETCATALOG_COMPILER_GLOBAL_ACCENT_COLOR_NAME = AccentColor;
				CODE_SIGN_STYLE = Automatic;
				CURRENT_PROJECT_VERSION = 1;
				DEVELOPMENT_ASSET_PATHS = "\"FsPlayer/Preview Content\"";
				DEVELOPMENT_TEAM = Q2SY8U2T77;
				ENABLE_PREVIEWS = YES;
				GENERATE_INFOPLIST_FILE = YES;
				INFOPLIST_KEY_UIApplicationSceneManifest_Generation = YES;
				INFOPLIST_KEY_UIApplicationSupportsIndirectInputEvents = YES;
				INFOPLIST_KEY_UILaunchScreen_Generation = YES;
				INFOPLIST_KEY_UISupportedInterfaceOrientations_iPad = "UIInterfaceOrientationPortrait UIInterfaceOrientationPortraitUpsideDown UIInterfaceOrientationLandscapeLeft UIInterfaceOrientationLandscapeRight";
				INFOPLIST_KEY_UISupportedInterfaceOrientations_iPhone = "UIInterfaceOrientationPortrait UIInterfaceOrientationLandscapeLeft UIInterfaceOrientationLandscapeRight";
				LD_RUNPATH_SEARCH_PATHS = (
					"$(inherited)",
					"@executable_path/Frameworks",
				);
				MARKETING_VERSION = 1.0;
				PRODUCT_BUNDLE_IDENTIFIER = fabianospdev.FsPlayer;
				PRODUCT_NAME = "$(TARGET_NAME)";
				SWIFT_EMIT_LOC_STRINGS = YES;
				SWIFT_VERSION = 5.0;
				TARGETED_DEVICE_FAMILY = "1,2";
			};
			name = Release;
		};
		9CBCC9CF2FC63A1200D4D9A2 /* Debug */ = {
			isa = XCBuildConfiguration;
			buildSettings = {
				ALWAYS_EMBED_SWIFT_STANDARD_LIBRARIES = YES;
				BUNDLE_LOADER = "$(TEST_HOST)";
				CODE_SIGN_STYLE = Automatic;
				CURRENT_PROJECT_VERSION = 1;
				DEVELOPMENT_TEAM = Q2SY8U2T77;
				GENERATE_INFOPLIST_FILE = YES;
				IPHONEOS_DEPLOYMENT_TARGET = 16.2;
				MARKETING_VERSION = 1.0;
				PRODUCT_BUNDLE_IDENTIFIER = fabianospdev.FsPlayerTests;
				PRODUCT_NAME = "$(TARGET_NAME)";
				SWIFT_EMIT_LOC_STRINGS = NO;
				SWIFT_VERSION = 5.0;
				TARGETED_DEVICE_FAMILY = "1,2";
				TEST_HOST = "$(BUILT_PRODUCTS_DIR)/FsPlayer.app/$(BUNDLE_EXECUTABLE_FOLDER_PATH)/FsPlayer";
			};
			name = Debug;
		};
		9CBCC9D02FC63A1200D4D9A2 /* Release */ = {
			isa = XCBuildConfiguration;
			buildSettings = {
				ALWAYS_EMBED_SWIFT_STANDARD_LIBRARIES = YES;
				BUNDLE_LOADER = "$(TEST_HOST)";
				CODE_SIGN_STYLE = Automatic;
				CURRENT_PROJECT_VERSION = 1;
				DEVELOPMENT_TEAM = Q2SY8U2T77;
				GENERATE_INFOPLIST_FILE = YES;
				IPHONEOS_DEPLOYMENT_TARGET = 16.2;
				MARKETING_VERSION = 1.0;
				PRODUCT_BUNDLE_IDENTIFIER = fabianospdev.FsPlayerTests;
				PRODUCT_NAME = "$(TARGET_NAME)";
				SWIFT_EMIT_LOC_STRINGS = NO;
				SWIFT_VERSION = 5.0;
				TARGETED_DEVICE_FAMILY = "1,2";
				TEST_HOST = "$(BUILT_PRODUCTS_DIR)/FsPlayer.app/$(BUNDLE_EXECUTABLE_FOLDER_PATH)/FsPlayer";
			};
			name = Release;
		};
		9CBCC9D22FC63A1200D4D9A2 /* Debug */ = {
			isa = XCBuildConfiguration;
			buildSettings = {
				ALWAYS_EMBED_SWIFT_STANDARD_LIBRARIES = YES;
				CODE_SIGN_STYLE = Automatic;
				CURRENT_PROJECT_VERSION = 1;
				DEVELOPMENT_TEAM = Q2SY8U2T77;
				GENERATE_INFOPLIST_FILE = YES;
				MARKETING_VERSION = 1.0;
				PRODUCT_BUNDLE_IDENTIFIER = fabianospdev.FsPlayerUITests;
				PRODUCT_NAME = "$(TARGET_NAME)";
				SWIFT_EMIT_LOC_STRINGS = NO;
				SWIFT_VERSION = 5.0;
				TARGETED_DEVICE_FAMILY = "1,2";
				TEST_TARGET_NAME = FsPlayer;
			};
			name = Debug;
		};
		9CBCC9D32FC63A1200D4D9A2 /* Release */ = {
			isa = XCBuildConfiguration;
			buildSettings = {
				ALWAYS_EMBED_SWIFT_STANDARD_LIBRARIES = YES;
				CODE_SIGN_STYLE = Automatic;
				CURRENT_PROJECT_VERSION = 1;
				DEVELOPMENT_TEAM = Q2SY8U2T77;
				GENERATE_INFOPLIST_FILE = YES;
				MARKETING_VERSION = 1.0;
				PRODUCT_BUNDLE_IDENTIFIER = fabianospdev.FsPlayerUITests;
				PRODUCT_NAME = "$(TARGET_NAME)";
				SWIFT_EMIT_LOC_STRINGS = NO;
				SWIFT_VERSION = 5.0;
				TARGETED_DEVICE_FAMILY = "1,2";
				TEST_TARGET_NAME = FsPlayer;
			};
			name = Release;
		};
/* End XCBuildConfiguration section */

/* Begin XCConfigurationList section */
		9CBCC9A22FC63A1000D4D9A2 /* Build configuration list for PBXProject "FsPlayer" */ = {
			isa = XCConfigurationList;
			buildConfigurations = (
				9CBCC9C92FC63A1200D4D9A2 /* Debug */,
				9CBCC9CA2FC63A1200D4D9A2 /* Release */,
			);
			defaultConfigurationIsVisible = 0;
			defaultConfigurationName = Release;
		};
		9CBCC9CB2FC63A1200D4D9A2 /* Build configuration list for PBXNativeTarget "FsPlayer" */ = {
			isa = XCConfigurationList;
			buildConfigurations = (
				9CBCC9CC2FC63A1200D4D9A2 /* Debug */,
				9CBCC9CD2FC63A1200D4D9A2 /* Release */,
			);
			defaultConfigurationIsVisible = 0;
			defaultConfigurationName = Release;
		};
		9CBCC9CE2FC63A1200D4D9A2 /* Build configuration list for PBXNativeTarget "FsPlayerTests" */ = {
			isa = XCConfigurationList;
			buildConfigurations = (
				9CBCC9CF2FC63A1200D4D9A2 /* Debug */,
				9CBCC9D02FC63A1200D4D9A2 /* Release */,
			);
			defaultConfigurationIsVisible = 0;
			defaultConfigurationName = Release;
		};
		9CBCC9D12FC63A1200D4D9A2 /* Build configuration list for PBXNativeTarget "FsPlayerUITests" */ = {
			isa = XCConfigurationList;
			buildConfigurations = (
				9CBCC9D22FC63A1200D4D9A2 /* Debug */,
				9CBCC9D32FC63A1200D4D9A2 /* Release */,
			);
			defaultConfigurationIsVisible = 0;
			defaultConfigurationName = Release;
		};
/* End XCConfigurationList section */
	};
	rootObject = 9CBCC99F2FC63A1000D4D9A2 /* Project object */;
}
